
Microsoft Visual Studio Solution File, Format Version 12.00
# Visual Studio Version 17
VisualStudioVersion = 17.4.33103.184
MinimumVisualStudioVersion = 10.0.40219.1
Project("{FAE04EC0-301F-11D3-BF4B-00C04F79EFBC}") = "ChatServer.WebApi", "ChatServer.WebApi\ChatServer.WebApi.csproj", "{C5FA7E6D-0B3D-4941-A71F-7760C74E22A0}"
EndProject
Project("{2150E333-8FDC-42A3-9474-1A3956D46DE8}") = "Solution Items", "Solution Items", "{1AAD3E56-544C-4E0E-B1C8-9DD866FD0F55}"
	ProjectSection(SolutionItems) = preProject
		.editorconfig = .editorconfig
	EndProjectSection
EndProject
Global
	GlobalSection(SolutionConfigurationPlatforms) = preSolution
		Debug|Any CPU = Debug|Any CPU
		Release|Any CPU = Release|Any CPU
	EndGlobalSection
	GlobalSection(ProjectConfigurationPlatforms) = postSolution
		{C5FA7E6D-0B3D-4941-A71F-7760C74E22A0}.Debug|Any CPU.ActiveCfg = Debug|Any CPU
		{C5FA7E6D-0B3D-4941-A71F-7760C74E22A0}.Debug|Any CPU.Build.0 = Debug|Any CPU
		{C5FA7E6D-0B3D-4941-A71F-7760C74E22A0}.Release|Any CPU.ActiveCfg = Release|Any CPU
		{C5FA7E6D-0B3D-4941-A71F-7760C74E22A0}.Release|Any CPU.Build.0 = Release|Any CPU
	EndGlobalSection
	GlobalSection(SolutionProperties) = preSolution
		HideSolutionNode = FALSE
	EndGlobalSection
	GlobalSection(ExtensibilityGlobals) = postSolution
		SolutionGuid = {1F1ECD59-3FC2-4378-AD0A-2822FC1B046F}
	EndGlobalSection
EndGlobal
